<?xml version="1.0" encoding="utf-8"?>
<Project ToolsVersion="4.0" xmlns="http://schemas.microsoft.com/developer/msbuild/2003">
  <ItemGroup>
    <Filter Include="Core">
      <UniqueIdentifier>{c8a7268d-2162-4961-bc23-d31d1350cdcf}</UniqueIdentifier>
    </Filter>
    <Filter Include="Core\Inputs">
      <UniqueIdentifier>{9b0cbfb1-27a4-4aa4-abdf-3bc0a5486645}</UniqueIdentifier>
    </Filter>
    <Filter Include="Core\Inputs\Keyboard">
      <UniqueIdentifier>{312ae5c8-ba4d-480d-a652-07ded61d8a9b}</UniqueIdentifier>
    </Filter>
    <Filter Include="Core\Inputs\Mouse">
      <UniqueIdentifier>{74df503e-7032-4b72-a443-13728895cad8}</UniqueIdentifier>
    </Filter>
    <Filter Include="Common">
      <UniqueIdentifier>{87d63154-b6f5-45eb-9eff-f666d06072cf}</UniqueIdentifier>
    </Filter>
    <Filter Include="Drivers">
      <UniqueIdentifier>{cff85f20-395a-4c13-9a0a-337244194768}</UniqueIdentifier>
    </Filter>
    <Filter Include="Drivers\OpenGL">
      <UniqueIdentifier>{443f419d-9a9b-4e23-b1f0-519a1262f09e}</UniqueIdentifier>
    </Filter>
    <Filter Include="Drivers\Vulkan">
      <UniqueIdentifier>{0916e98c-566c-4098-96da-94a4ec0095d9}</UniqueIdentifier>
    </Filter>
    <Filter Include="Main">
      <UniqueIdentifier>{a08ed5f4-22b4-41e4-819b-e013b57779d8}</UniqueIdentifier>
    </Filter>
    <Filter Include="Platform">
      <UniqueIdentifier>{85eff489-b93e-42b6-9474-21ac14c4289f}</UniqueIdentifier>
    </Filter>
    <Filter Include="Core\IO">
      <UniqueIdentifier>{21331a6d-6282-4c29-994c-7388a41dc55b}</UniqueIdentifier>
    </Filter>
    <Filter Include="Assets">
      <UniqueIdentifier>{f20a17aa-89b3-43d6-ad18-ead88936ffd5}</UniqueIdentifier>
    </Filter>
    <Filter Include="Assets\Shaders">
      <UniqueIdentifier>{a855cfa1-6c99-468c-aa7c-e731fa66cb84}</UniqueIdentifier>
    </Filter>
    <Filter Include="Assets\Shaders\Glsl">
      <UniqueIdentifier>{d5dacb15-0301-45e2-937c-cd293370e690}</UniqueIdentifier>
    </Filter>
    <Filter Include="Assets\Shaders\Spv">
      <UniqueIdentifier>{731f65ff-e57e-46cb-b072-ed5d17db0ecf}</UniqueIdentifier>
    </Filter>
    <Filter Include="Assets\Shaders\Hls">
      <UniqueIdentifier>{8c6b67d8-d75e-4e06-bbd2-6760cc2c9e69}</UniqueIdentifier>
    </Filter>
    <Filter Include="Platform\Glfw">
      <UniqueIdentifier>{95b5fe9e-8a29-46cc-9d68-5918b3c15405}</UniqueIdentifier>
    </Filter>
    <Filter Include="Platform\Glfw\Vulkan">
      <UniqueIdentifier>{71227eb0-ddcf-4036-a490-e842b588f410}</UniqueIdentifier>
    </Filter>
    <Filter Include="Platform\Glfw\OpenGL">
      <UniqueIdentifier>{042488d5-4ae9-42fa-a4aa-495392d278f7}</UniqueIdentifier>
    </Filter>
    <Filter Include="Core\LoggerCore">
      <UniqueIdentifier>{293ad93e-89c0-4751-a79c-21abb4ddd10f}</UniqueIdentifier>
    </Filter>
    <Filter Include="Core\Utils">
      <UniqueIdentifier>{2235d332-398d-44e2-b440-01e08c472e28}</UniqueIdentifier>
    </Filter>
    <Filter Include="Core\Math">
      <UniqueIdentifier>{f0da0055-286e-4007-ba48-19704744bb71}</UniqueIdentifier>
    </Filter>
    <Filter Include="Scene">
      <UniqueIdentifier>{43fd5151-4d41-472c-8ad2-1b8696e1e3f6}</UniqueIdentifier>
    </Filter>
    <Filter Include="Scene\2D">
      <UniqueIdentifier>{c1c68c75-4ca5-44ab-af2a-c259f082516b}</UniqueIdentifier>
    </Filter>
    <Filter Include="Scene\3D">
      <UniqueIdentifier>{a6cf49eb-db09-4a2a-8040-cd90327e1438}</UniqueIdentifier>
    </Filter>
    <Filter Include="Scene\Resources">
      <UniqueIdentifier>{81974dec-e756-43f1-a81c-80ce8f31fde7}</UniqueIdentifier>
    </Filter>
    <Filter Include="Modules">
      <UniqueIdentifier>{68b515de-8162-48d5-9da6-a7ceaf39d813}</UniqueIdentifier>
    </Filter>
    <Filter Include="Modules\Assimp">
      <UniqueIdentifier>{edf0558a-0bc1-4419-99d1-9b05d06e9a33}</UniqueIdentifier>
    </Filter>
    <Filter Include="Engines">
      <UniqueIdentifier>{f645841a-6f61-4693-98e9-dde7d4b192ef}</UniqueIdentifier>
    </Filter>
    <Filter Include="Engines\Audio">
      <UniqueIdentifier>{b6520981-1b50-41cf-9366-5ddb0633a9ce}</UniqueIdentifier>
    </Filter>
    <Filter Include="Engines\Rendering">
      <UniqueIdentifier>{fcf65b0b-656a-4929-8a42-7f5a6d2220a7}</UniqueIdentifier>
    </Filter>
    <Filter Include="Engines\Graphic">
      <UniqueIdentifier>{087d5b30-7d97-4d72-8841-682813b6afcd}</UniqueIdentifier>
    </Filter>
    <Filter Include="Engines\Graphic\2D">
      <UniqueIdentifier>{338617a3-97a2-43de-9db7-adee2665f29c}</UniqueIdentifier>
    </Filter>
    <Filter Include="Engines\Graphic\3D">
      <UniqueIdentifier>{95e62889-4301-4011-93d4-10f168935bc5}</UniqueIdentifier>
    </Filter>
    <Filter Include="Engines\Physics">
      <UniqueIdentifier>{d8b88829-e36e-45b3-ad31-e0f0a5c77dce}</UniqueIdentifier>
    </Filter>
    <Filter Include="Core\Math\Geometry">
      <UniqueIdentifier>{29cfdb07-8704-413a-b910-8fbec29b8594}</UniqueIdentifier>
    </Filter>
    <Filter Include="Core\Math\Geometry\3D">
      <UniqueIdentifier>{71e2ec9e-53e6-4e2f-8566-c168badd5c53}</UniqueIdentifier>
    </Filter>
    <Filter Include="Engines\Graphic\3D\ObjectGenerators">
      <UniqueIdentifier>{a11e3833-dc4f-464c-ba99-dcf258d2111d}</UniqueIdentifier>
    </Filter>
    <Filter Include="Engines\Graphic\Shaders">
      <UniqueIdentifier>{e2916887-9e0d-485d-9420-a69fee9401a1}</UniqueIdentifier>
    </Filter>
    <Filter Include="Engines\Graphic\Shaders\Models">
      <UniqueIdentifier>{bab49554-d40f-4598-94a0-069a61e0d277}</UniqueIdentifier>
    </Filter>
    <Filter Include="Services">
      <UniqueIdentifier>{5f1621d4-0dc8-47a6-9f19-82e638546693}</UniqueIdentifier>
    </Filter>
    <Filter Include="Drivers\OpenGL\GraphicPipelines">
      <UniqueIdentifier>{0b8b874a-4e2a-458d-bdff-75c50d56e847}</UniqueIdentifier>
    </Filter>
    <Filter Include="Engines\Graphic\Pipelines">
      <UniqueIdentifier>{14ff4f17-3a17-4ee6-a620-4fabc0bfeed0}</UniqueIdentifier>
    </Filter>
    <Filter Include="Drivers\Vulkan\Pipelines">
      <UniqueIdentifier>{f81bb5fe-27a7-4219-9a2c-37007ba1abc3}</UniqueIdentifier>
    </Filter>
    <Filter Include="UI">
      <UniqueIdentifier>{11d6837b-1049-4324-9245-4575b1abaa46}</UniqueIdentifier>
    </Filter>
    <Filter Include="Third">
      <UniqueIdentifier>{e0496461-dd4e-4f23-8ef2-d6e575f90708}</UniqueIdentifier>
    </Filter>
    <Filter Include="Third\ImGUI">
      <UniqueIdentifier>{bc31f60a-04fd-4329-abbd-f6c8d3134618}</UniqueIdentifier>
    </Filter>
    <Filter Include="UI\ImGui">
      <UniqueIdentifier>{a9f914d0-057d-43ab-92f3-9c027f2bcf60}</UniqueIdentifier>
    </Filter>
    <Filter Include="UI\ImGui\Widgets">
      <UniqueIdentifier>{5ea23d43-7a99-47c5-89d0-7c5c56038f40}</UniqueIdentifier>
    </Filter>
  </ItemGroup>
  <ItemGroup>
    <None Include="packages.config" />
    <None Include="Assets\Shaders\Glsl\basic.frag">
      <Filter>Assets\Shaders\Glsl</Filter>
    </None>
    <None Include="Assets\Shaders\Glsl\basic.vert">
      <Filter>Assets\Shaders\Glsl</Filter>
    </None>
    <None Include="Assets\Shaders\Spv\basic.frag.spv">
      <Filter>Assets\Shaders\Spv</Filter>
    </None>
    <None Include="Assets\Shaders\Spv\basic.vert.spv">
      <Filter>Assets\Shaders\Spv</Filter>
    </None>
    <None Include="AppSettings.json" />
  </ItemGroup>
  <ItemGroup>
    <ClCompile Include="Drivers\OpenGL\OpenGLRenderingEngine.cpp">
      <Filter>Drivers\OpenGL</Filter>
    </ClCompile>
    <ClCompile Include="Drivers\Vulkan\VulkanHelper.cpp">
      <Filter>Drivers\Vulkan</Filter>
    </ClCompile>
    <ClCompile Include="Drivers\Vulkan\VulkanRenderingEngine.cpp">
      <Filter>Drivers\Vulkan</Filter>
    </ClCompile>
    <ClCompile Include="Main\Application.cpp">
      <Filter>Main</Filter>
    </ClCompile>
    <ClCompile Include="Main\Engine.cpp">
      <Filter>Main</Filter>
    </ClCompile>
    <ClCompile Include="Main\main.cpp">
      <Filter>Main</Filter>
    </ClCompile>
    <ClCompile Include="Drivers\OpenGL\OpenGLShader.cpp">
      <Filter>Drivers\OpenGL</Filter>
    </ClCompile>
    <ClCompile Include="Common\Camera.cpp">
      <Filter>Common</Filter>
    </ClCompile>
    <ClCompile Include="Platform\Glfw\GlfwWindow.cpp">
      <Filter>Platform\Glfw</Filter>
    </ClCompile>
    <ClCompile Include="Platform\Glfw\Vulkan\GlfwVulkanWindowContext.cpp">
      <Filter>Platform\Glfw\Vulkan</Filter>
    </ClCompile>
    <ClCompile Include="Platform\Glfw\Vulkan\GlfwVulkanWindow.cpp">
      <Filter>Platform\Glfw\Vulkan</Filter>
    </ClCompile>
    <ClCompile Include="Platform\Glfw\OpenGL\GlfwOpenGLWindow.cpp">
      <Filter>Platform\Glfw\OpenGL</Filter>
    </ClCompile>
    <ClCompile Include="Core\LoggerCore\SourceFormatter.cpp">
      <Filter>Core\LoggerCore</Filter>
    </ClCompile>
    <ClCompile Include="Core\Configuration.cpp">
      <Filter>Core</Filter>
    </ClCompile>
    <ClCompile Include="Common\TextureReader.cpp">
      <Filter>Common</Filter>
    </ClCompile>
    <ClCompile Include="Drivers\OpenGL\OpenGLTexture.cpp">
      <Filter>Drivers\OpenGL</Filter>
    </ClCompile>
    <ClCompile Include="Drivers\Vulkan\VulkanTexture.cpp">
      <Filter>Drivers\Vulkan</Filter>
    </ClCompile>
    <ClCompile Include="Core\IO\FileSystem.cpp">
      <Filter>Core\IO</Filter>
    </ClCompile>
    <ClCompile Include="Common\Mouse.cpp">
      <Filter>Common</Filter>
    </ClCompile>
    <ClCompile Include="Drivers\Vulkan\VulkanFramework.cpp">
      <Filter>Drivers\Vulkan</Filter>
    </ClCompile>
    <ClCompile Include="Drivers\Vulkan\VulkanShader.cpp">
      <Filter>Drivers\Vulkan</Filter>
    </ClCompile>
    <ClCompile Include="Core\Math\GeometryUtils.cpp">
      <Filter>Core\Math</Filter>
    </ClCompile>
    <ClCompile Include="Core\Math\ImageUtils.cpp">
      <Filter>Core\Math</Filter>
    </ClCompile>
    <ClCompile Include="Core\Math\Geometry\3D\BoudingBox3D.cpp">
      <Filter>Core\Math\Geometry\3D</Filter>
    </ClCompile>
    <ClCompile Include="Core\Math\Geometry\3D\BoudingCube.cpp">
      <Filter>Core\Math\Geometry\3D</Filter>
    </ClCompile>
    <ClCompile Include="Drivers\Vulkan\VulkanShaderFactory.cpp">
      <Filter>Drivers\Vulkan</Filter>
    </ClCompile>
    <ClCompile Include="Services\CameraControllerManager.cpp">
      <Filter>Services</Filter>
    </ClCompile>
    <ClCompile Include="Common\CameraController.cpp">
      <Filter>Common</Filter>
    </ClCompile>
    <ClCompile Include="Drivers\OpenGL\GraphicPipelines\OpenGLWireframeGraphicPipeline.cpp">
      <Filter>Drivers\OpenGL\GraphicPipelines</Filter>
    </ClCompile>
    <ClCompile Include="Drivers\Vulkan\Pipelines\VulkanWireframeGraphicPipeline.cpp">
      <Filter>Drivers\Vulkan\Pipelines</Filter>
    </ClCompile>
    <ClCompile Include="Services\ModelManager.cpp">
      <Filter>Services</Filter>
    </ClCompile>
    <ClCompile Include="Drivers\OpenGL\GraphicPipelines\OpenGLSolidColorGraphicPipeline.cpp">
      <Filter>Drivers\OpenGL\GraphicPipelines</Filter>
    </ClCompile>
    <ClCompile Include="Drivers\Vulkan\Pipelines\VulkanSolidColorGraphicPipeline.cpp">
      <Filter>Drivers\Vulkan\Pipelines</Filter>
    </ClCompile>
    <ClCompile Include="..\..\..\libs\imgui\imgui.cpp">
      <Filter>Third\ImGUI</Filter>
    </ClCompile>
    <ClCompile Include="..\..\..\libs\imgui\backends\imgui_impl_glfw.cpp">
      <Filter>Third\ImGUI</Filter>
    </ClCompile>
    <ClCompile Include="..\..\..\libs\imgui\backends\imgui_impl_opengl3.cpp">
      <Filter>Third\ImGUI</Filter>
    </ClCompile>
    <ClCompile Include="..\..\..\libs\imgui\imgui_demo.cpp">
      <Filter>Third\ImGUI</Filter>
    </ClCompile>
    <ClCompile Include="..\..\..\libs\imgui\imgui_draw.cpp">
      <Filter>Third\ImGUI</Filter>
    </ClCompile>
    <ClCompile Include="..\..\..\libs\imgui\imgui_widgets.cpp">
      <Filter>Third\ImGUI</Filter>
    </ClCompile>
    <ClCompile Include="..\..\..\libs\imgui\backends\imgui_impl_vulkan.cpp">
      <Filter>Third\ImGUI</Filter>
    </ClCompile>
    <ClCompile Include="UI\ImGui\ImGuiImpl.cpp">
      <Filter>UI\ImGui</Filter>
    </ClCompile>
    <ClCompile Include="Common\Widget.cpp">
      <Filter>Common</Filter>
    </ClCompile>
    <ClCompile Include="UI\ImGui\Widgets\ColorEdit.cpp">
      <Filter>UI\ImGui\Widgets</Filter>
    </ClCompile>
    <ClCompile Include="Drivers\OpenGL\GraphicPipelines\OpenGLNormalDebugGraphicPileline.cpp">
      <Filter>Drivers\OpenGL\GraphicPipelines</Filter>
    </ClCompile>
    <ClCompile Include="Scene\Resources\Transformation.cpp">
      <Filter>Scene\Resources</Filter>
    </ClCompile>
    <ClCompile Include="Drivers\Vulkan\Pipelines\VulkanNormalDebugGraphicPileline.cpp">
      <Filter>Drivers\Vulkan\Pipelines</Filter>
    </ClCompile>
    <ClCompile Include="UI\ImGui\Widgets\Checkbox.cpp">
      <Filter>UI\ImGui\Widgets</Filter>
    </ClCompile>
    <ClCompile Include="Drivers\OpenGL\OpenGLTextureCube.cpp">
      <Filter>Drivers\OpenGL</Filter>
    </ClCompile>
    <ClCompile Include="Drivers\OpenGL\GraphicPipelines\OpenGLSkyboxGraphicPipeline.cpp">
      <Filter>Drivers\OpenGL\GraphicPipelines</Filter>
    </ClCompile>
    <ClCompile Include="Drivers\Vulkan\VulkanTextureCube.cpp">
      <Filter>Drivers\Vulkan</Filter>
    </ClCompile>
    <ClCompile Include="Drivers\Vulkan\Pipelines\VulkanSkyboxGraphicPipeline.cpp">
      <Filter>Drivers\Vulkan\Pipelines</Filter>
    </ClCompile>
    <ClCompile Include="Common\RenderingEngine.cpp" />
  </ItemGroup>
  <ItemGroup>
    <ClInclude Include="Core\Input\Keyboard\KeyboardEnumKeys.hpp">
      <Filter>Core\Inputs\Keyboard</Filter>
    </ClInclude>
    <ClInclude Include="Core\Input\Mouse\MouseEnumButton.hpp">
      <Filter>Core\Inputs\Mouse</Filter>
    </ClInclude>
    <ClInclude Include="Common\Camera.hpp">
      <Filter>Common</Filter>
    </ClInclude>
    <ClInclude Include="Common\RenderingEngine.hpp">
      <Filter>Common</Filter>
    </ClInclude>
    <ClInclude Include="Common\Shader.hpp">
      <Filter>Common</Filter>
    </ClInclude>
    <ClInclude Include="Common\Window.hpp">
      <Filter>Common</Filter>
    </ClInclude>
    <ClInclude Include="Drivers\OpenGL\OpenGLRenderingEngine.hpp">
      <Filter>Drivers\OpenGL</Filter>
    </ClInclude>
    <ClInclude Include="Drivers\Vulkan\VulkanHelper.hpp">
      <Filter>Drivers\Vulkan</Filter>
    </ClInclude>
    <ClInclude Include="Drivers\Vulkan\VulkanRenderingEngine.hpp">
      <Filter>Drivers\Vulkan</Filter>
    </ClInclude>
    <ClInclude Include="Drivers\Vulkan\VulkanShader.hpp">
      <Filter>Drivers\Vulkan</Filter>
    </ClInclude>
    <ClInclude Include="Main\Application.hpp">
      <Filter>Main</Filter>
    </ClInclude>
    <ClInclude Include="Main\Engine.hpp">
      <Filter>Main</Filter>
    </ClInclude>
    <ClInclude Include="Drivers\OpenGL\OpenGLShader.hpp">
      <Filter>Drivers\OpenGL</Filter>
    </ClInclude>
    <ClInclude Include="Core\Subject.hpp">
      <Filter>Core</Filter>
    </ClInclude>
    <ClInclude Include="Core\IO\FileReader.hpp">
      <Filter>Core\IO</Filter>
    </ClInclude>
    <ClInclude Include="Core\Ranges.hpp">
      <Filter>Core</Filter>
    </ClInclude>
    <ClInclude Include="Core\Timer.hpp">
      <Filter>Core</Filter>
    </ClInclude>
    <ClInclude Include="Core\Logger.hpp">
      <Filter>Core</Filter>
    </ClInclude>
    <ClInclude Include="Common\Vertex.hpp">
      <Filter>Common</Filter>
    </ClInclude>
    <ClInclude Include="Common\VertexBuffer.hpp">
      <Filter>Common</Filter>
    </ClInclude>
    <ClInclude Include="Core\Input\Mouse\MouseEventProxy.hpp">
      <Filter>Core\Inputs\Mouse</Filter>
    </ClInclude>
    <ClInclude Include="Core\Input\Keyboard\KeyboardEventProxy.hpp">
      <Filter>Core\Inputs\Keyboard</Filter>
    </ClInclude>
    <ClInclude Include="Common\Mouse.hpp">
      <Filter>Common</Filter>
    </ClInclude>
    <ClInclude Include="Platform\Glfw\GlfwWindow.hpp">
      <Filter>Platform\Glfw</Filter>
    </ClInclude>
    <ClInclude Include="Common\Keyboard.hpp">
      <Filter>Common</Filter>
    </ClInclude>
    <ClInclude Include="Common\WindowKeyboardMouse.hpp">
      <Filter>Common</Filter>
    </ClInclude>
    <ClInclude Include="Core\EventManager.hpp">
      <Filter>Core</Filter>
    </ClInclude>
    <ClInclude Include="Drivers\Vulkan\VulkanWindowContext.hpp">
      <Filter>Drivers\Vulkan</Filter>
    </ClInclude>
    <ClInclude Include="Platform\Glfw\Vulkan\GlfwVulkanWindowContext.hpp">
      <Filter>Platform\Glfw\Vulkan</Filter>
    </ClInclude>
    <ClInclude Include="Platform\Glfw\Vulkan\GlfwVulkanWindow.hpp">
      <Filter>Platform\Glfw\Vulkan</Filter>
    </ClInclude>
    <ClInclude Include="Platform\Glfw\Vulkan\GlfwVulkanInjector.hpp">
      <Filter>Platform\Glfw\Vulkan</Filter>
    </ClInclude>
    <ClInclude Include="Platform\Glfw\OpenGL\GlfwOpenGLInjector.hpp">
      <Filter>Platform\Glfw\OpenGL</Filter>
    </ClInclude>
    <ClInclude Include="Platform\Glfw\OpenGL\GlfwOpenGLWindow.hpp">
      <Filter>Platform\Glfw\OpenGL</Filter>
    </ClInclude>
    <ClInclude Include="Drivers\OpenGL\OpenGLUniformBuffer.hpp">
      <Filter>Drivers\OpenGL</Filter>
    </ClInclude>
    <ClInclude Include="Core\LoggerCore\SourceFormatter.hpp">
      <Filter>Core\LoggerCore</Filter>
    </ClInclude>
    <ClInclude Include="Core\LoggerCore\LoggerName.hpp">
      <Filter>Core\LoggerCore</Filter>
    </ClInclude>
    <ClInclude Include="Core\Utils\GetClassName.hpp">
      <Filter>Core\Utils</Filter>
    </ClInclude>
    <ClInclude Include="Core\ServiceManager.hpp">
      <Filter>Core</Filter>
    </ClInclude>
    <ClInclude Include="Drivers\OpenGL\OpenGLUniformData.hpp">
      <Filter>Drivers\OpenGL</Filter>
    </ClInclude>
    <ClInclude Include="Core\Configuration.hpp">
      <Filter>Core</Filter>
    </ClInclude>
    <ClInclude Include="Drivers\OpenGL\OpenGLTexture.hpp">
      <Filter>Drivers\OpenGL</Filter>
    </ClInclude>
    <ClInclude Include="Common\TextureReader.hpp">
      <Filter>Common</Filter>
    </ClInclude>
    <ClInclude Include="Drivers\Vulkan\VulkanTexture.hpp">
      <Filter>Drivers\Vulkan</Filter>
    </ClInclude>
    <ClInclude Include="Common\TextureFactory.hpp">
      <Filter>Common</Filter>
    </ClInclude>
    <ClInclude Include="Drivers\OpenGL\OpenGLTextureFactory.hpp">
      <Filter>Drivers\OpenGL</Filter>
    </ClInclude>
    <ClInclude Include="Drivers\Vulkan\VulkanTextureFactory.hpp">
      <Filter>Drivers\Vulkan</Filter>
    </ClInclude>
    <ClInclude Include="Drivers\OpenGL\OpenGLVertexBuffer.hpp">
      <Filter>Drivers\OpenGL</Filter>
    </ClInclude>
    <ClInclude Include="Drivers\Vulkan\VulkanVertexBuffer.hpp">
      <Filter>Drivers\Vulkan</Filter>
    </ClInclude>
    <ClInclude Include="Core\IO\FileSystem.hpp">
      <Filter>Core\IO</Filter>
    </ClInclude>
    <ClInclude Include="Core\Input\GenericClickEvent.hpp">
      <Filter>Core\Inputs</Filter>
    </ClInclude>
    <ClInclude Include="Core\Utils\ObjectConverter.hpp">
      <Filter>Core\Utils</Filter>
    </ClInclude>
    <ClInclude Include="Scene\Resources\Mesh.hpp">
      <Filter>Scene\Resources</Filter>
    </ClInclude>
    <ClInclude Include="Scene\Resources\Model.hpp">
      <Filter>Scene\Resources</Filter>
    </ClInclude>
    <ClInclude Include="Common\VertexBufferFactory.hpp">
      <Filter>Common</Filter>
    </ClInclude>
    <ClInclude Include="Drivers\Vulkan\VulkanVertexBufferFactory.hpp">
      <Filter>Drivers\Vulkan</Filter>
    </ClInclude>
    <ClInclude Include="Drivers\OpenGL\OpenGLVertexBufferFactory.hpp">
      <Filter>Drivers\OpenGL</Filter>
    </ClInclude>
    <ClInclude Include="Modules\Assimp\AssimpModelImporter.hpp">
      <Filter>Modules\Assimp</Filter>
    </ClInclude>
    <ClInclude Include="Common\ModelImporter.hpp">
      <Filter>Common</Filter>
    </ClInclude>
    <ClInclude Include="Scene\Resources\Face.hpp">
      <Filter>Scene\Resources</Filter>
    </ClInclude>
    <ClInclude Include="Drivers\Vulkan\VulkanFramework.hpp">
      <Filter>Drivers\Vulkan</Filter>
    </ClInclude>
    <ClInclude Include="Drivers\Vulkan\VulkanUniformBuffer.hpp">
      <Filter>Drivers\Vulkan</Filter>
    </ClInclude>
    <ClInclude Include="Core\Math\GeometryUtils.hpp">
      <Filter>Core\Math</Filter>
    </ClInclude>
    <ClInclude Include="Core\Math\ImageUtils.hpp">
      <Filter>Core\Math</Filter>
    </ClInclude>
    <ClInclude Include="Core\Math\Geometry\BoundingBox.hpp">
      <Filter>Core\Math\Geometry</Filter>
    </ClInclude>
    <ClInclude Include="Core\Math\Geometry\3D\BoudingBox3D.hpp">
      <Filter>Core\Math\Geometry\3D</Filter>
    </ClInclude>
    <ClInclude Include="Core\Math\Geometry\3D\BoudingCube.hpp">
      <Filter>Core\Math\Geometry\3D</Filter>
    </ClInclude>
    <ClInclude Include="Core\Math\Geometry\3D\Octree.hpp">
      <Filter>Core\Math\Geometry\3D</Filter>
    </ClInclude>
    <ClInclude Include="Engines\Graphic\3D\ObjectGenerator.hpp">
      <Filter>Engines\Graphic\3D</Filter>
    </ClInclude>
    <ClInclude Include="Engines\Graphic\3D\ObjectGenerators\PlaneGenerator.hpp">
      <Filter>Engines\Graphic\3D\ObjectGenerators</Filter>
    </ClInclude>
    <ClInclude Include="Engines\Graphic\3D\ObjectGenerators\IObjectGenerator.hpp">
      <Filter>Engines\Graphic\3D\ObjectGenerators</Filter>
    </ClInclude>
    <ClInclude Include="Core\Utils\MememoryUtils.hpp">
      <Filter>Core\Utils</Filter>
    </ClInclude>
    <ClInclude Include="Engines\Graphic\Shaders\Models\Light.hpp">
      <Filter>Engines\Graphic\Shaders\Models</Filter>
    </ClInclude>
    <ClInclude Include="Engines\Graphic\Shaders\Models\ModelMatrices.hpp">
      <Filter>Engines\Graphic\Shaders\Models</Filter>
    </ClInclude>
    <ClInclude Include="Scene\Resources\Transformation.hpp">
      <Filter>Scene\Resources</Filter>
    </ClInclude>
    <ClInclude Include="Engines\Graphic\3D\ObjectGenerators\CuboidGenerator.hpp">
      <Filter>Engines\Graphic\3D\ObjectGenerators</Filter>
    </ClInclude>
    <ClInclude Include="Engines\Graphic\3D\ObjectGenerators\SphereGenerator.hpp">
      <Filter>Engines\Graphic\3D\ObjectGenerators</Filter>
    </ClInclude>
    <ClInclude Include="Engines\Graphic\3D\ObjectGenerators\CylinderGenerator.hpp">
      <Filter>Engines\Graphic\3D\ObjectGenerators</Filter>
    </ClInclude>
    <ClInclude Include="Engines\Graphic\3D\ObjectGenerators\ConeGenerator.hpp">
      <Filter>Engines\Graphic\3D\ObjectGenerators</Filter>
    </ClInclude>
    <ClInclude Include="Drivers\Vulkan\VulkanShaderFactory.hpp">
      <Filter>Drivers\Vulkan</Filter>
    </ClInclude>
    <ClInclude Include="Services\CameraControllerManager.hpp">
      <Filter>Services</Filter>
    </ClInclude>
    <ClInclude Include="Common\CameraController.hpp">
      <Filter>Common</Filter>
    </ClInclude>
    <ClInclude Include="Core\Utils\MemberTraits.hpp">
      <Filter>Core\Utils</Filter>
    </ClInclude>
    <ClInclude Include="Engines\Graphic\Shaders\Models\WireframeModelDescriptor.hpp">
      <Filter>Engines\Graphic\Shaders\Models</Filter>
    </ClInclude>
    <ClInclude Include="Drivers\OpenGL\GraphicPipelines\OpenGLGraphicPipeline.hpp">
      <Filter>Drivers\OpenGL\GraphicPipelines</Filter>
    </ClInclude>
    <ClInclude Include="Core\Utils\TupleUtils.hpp">
      <Filter>Core\Utils</Filter>
    </ClInclude>
    <ClInclude Include="Common\EntityByVertexTypeManager.hpp">
      <Filter>Common</Filter>
    </ClInclude>
    <ClInclude Include="Drivers\OpenGL\GraphicPipelines\OpenGLWireframeGraphicPipeline.hpp">
      <Filter>Drivers\OpenGL\GraphicPipelines</Filter>
    </ClInclude>
    <ClInclude Include="Engines\Graphic\Pipelines\WireframeGraphicPipeline.hpp">
      <Filter>Engines\Graphic\Pipelines</Filter>
    </ClInclude>
    <ClInclude Include="Drivers\Vulkan\Pipelines\VulkanWireframeGraphicPipeline.h">
      <Filter>Drivers\Vulkan\Pipelines</Filter>
    </ClInclude>
    <ClInclude Include="Scene\Resources\MeshMaterial.hpp">
      <Filter>Scene\Resources</Filter>
    </ClInclude>
    <ClInclude Include="Scene\Resources\Edge.hpp">
      <Filter>Scene\Resources</Filter>
    </ClInclude>
    <ClInclude Include="Core\Utils\UniqueIdentifier.hpp">
      <Filter>Core\Utils</Filter>
    </ClInclude>
    <ClInclude Include="Services\ModelManager.hpp">
      <Filter>Services</Filter>
    </ClInclude>
    <ClInclude Include="Engines\Graphic\Pipelines\SolidColorGraphicPipeline.hpp">
      <Filter>Engines\Graphic\Pipelines</Filter>
    </ClInclude>
    <ClInclude Include="Engines\Graphic\Shaders\Models\SolidColorModelDescriptor.hpp">
      <Filter>Engines\Graphic\Shaders\Models</Filter>
    </ClInclude>
    <ClInclude Include="Drivers\OpenGL\GraphicPipelines\OpenGLSolidColorGraphicPipeline.hpp">
      <Filter>Drivers\OpenGL\GraphicPipelines</Filter>
    </ClInclude>
    <ClInclude Include="Engines\Graphic\Shaders\Models\Eye.hpp">
      <Filter>Engines\Graphic\Shaders\Models</Filter>
    </ClInclude>
    <ClInclude Include="Drivers\Vulkan\Pipelines\VulkanSolidColorGraphicPipeline.hpp">
      <Filter>Drivers\Vulkan\Pipelines</Filter>
    </ClInclude>
    <ClInclude Include="Drivers\Vulkan\Pipelines\VulkanGraphicPipeline.hpp">
      <Filter>Drivers\Vulkan\Pipelines</Filter>
    </ClInclude>
    <ClInclude Include="Engines\Graphic\Pipelines\GraphicPipeline.hpp">
      <Filter>Engines\Graphic\Pipelines</Filter>
    </ClInclude>
    <ClInclude Include="..\..\..\libs\imgui\imgui.h">
      <Filter>Third\ImGUI</Filter>
    </ClInclude>
    <ClInclude Include="..\..\..\libs\imgui\backends\imgui_impl_glfw.h">
      <Filter>Third\ImGUI</Filter>
    </ClInclude>
    <ClInclude Include="..\..\..\libs\imgui\backends\imgui_impl_opengl3.h">
      <Filter>Third\ImGUI</Filter>
    </ClInclude>
    <ClInclude Include="..\..\..\libs\imgui\imconfig.h">
      <Filter>Third\ImGUI</Filter>
    </ClInclude>
    <ClInclude Include="..\..\..\libs\imgui\imgui_internal.h">
      <Filter>Third\ImGUI</Filter>
    </ClInclude>
    <ClInclude Include="..\..\..\libs\imgui\imstb_rectpack.h">
      <Filter>Third\ImGUI</Filter>
    </ClInclude>
    <ClInclude Include="..\..\..\libs\imgui\imstb_textedit.h">
      <Filter>Third\ImGUI</Filter>
    </ClInclude>
    <ClInclude Include="..\..\..\libs\imgui\imstb_truetype.h">
      <Filter>Third\ImGUI</Filter>
    </ClInclude>
    <ClInclude Include="..\..\..\libs\imgui\backends\imgui_impl_vulkan.h">
      <Filter>Third\ImGUI</Filter>
    </ClInclude>
    <ClInclude Include="UI\ImGui\ImGuiImpl.hpp">
      <Filter>UI\ImGui</Filter>
    </ClInclude>
    <ClInclude Include="Common\UI.hpp">
      <Filter>Common</Filter>
    </ClInclude>
    <ClInclude Include="Common\Widget.hpp">
      <Filter>Common</Filter>
    </ClInclude>
    <ClInclude Include="UI\ImGui\Widgets\ColorEdit.hpp">
      <Filter>UI\ImGui\Widgets</Filter>
    </ClInclude>
    <ClInclude Include="Engines\Graphic\Pipelines\NormalDebugGraphicPileline.hpp">
      <Filter>Engines\Graphic\Pipelines</Filter>
    </ClInclude>
    <ClInclude Include="Drivers\OpenGL\GraphicPipelines\OpenGLNormalDebugGraphicPileline.hpp">
      <Filter>Drivers\OpenGL\GraphicPipelines</Filter>
    </ClInclude>
    <ClInclude Include="Drivers\Vulkan\Pipelines\VulkanNormalDebugGraphicPileline.hpp">
      <Filter>Drivers\Vulkan\Pipelines</Filter>
    </ClInclude>
    <ClInclude Include="Engines\Graphic\Shaders\Models\CameraMatrices.hpp">
      <Filter>Engines\Graphic\Shaders\Models</Filter>
    </ClInclude>
    <ClInclude Include="UI\ImGui\Widgets\Checkbox.hpp">
      <Filter>UI\ImGui\Widgets</Filter>
    </ClInclude>
    <ClInclude Include="Drivers\OpenGL\OpenGLTextureCube.hpp">
      <Filter>Drivers\OpenGL</Filter>
    </ClInclude>
    <ClInclude Include="Engines\Graphic\Pipelines\SkyboxGraphicPipeline.hpp">
      <Filter>Engines\Graphic\Pipelines</Filter>
    </ClInclude>
    <ClInclude Include="Drivers\OpenGL\GraphicPipelines\OpenGLSkyboxGraphicPipeline.hpp">
      <Filter>Drivers\OpenGL\GraphicPipelines</Filter>
    </ClInclude>
    <ClInclude Include="Drivers\Vulkan\VulkanTextureCube.hpp">
      <Filter>Drivers\Vulkan</Filter>
    </ClInclude>
    <ClInclude Include="Drivers\Vulkan\Pipelines\VulkanSkyboxGraphicPipeline.hpp">
      <Filter>Drivers\Vulkan\Pipelines</Filter>
    </ClInclude>
  </ItemGroup>
</Project>